Microsoft Visual Studio Solution File, Format Version 12.00
# Visual Studio Version 17
VisualStudioVersion = 17.0.31903.59
MinimumVisualStudioVersion = 10.0.40219.1
Project("{9A19103F-16F7-4668-BE54-9A1E7A4F7556}") = "RapidRedPanda.Wrapper.Console", "src\RapidRedPanda.Wrapper.Console\RapidRedPanda.Wrapper.Console.csproj", "{172F5B3A-DEED-4F11-BF06-1FD81C3BBAB5}"
EndProject
Project("{9A19103F-16F7-4668-BE54-9A1E7A4F7556}") = "RapidRedPanda.Wrapper", "src\RapidRedPanda.Wrapper\RapidRedPanda.Wrapper.csproj", "{6C334188-7911-4C36-BC27-1BE143ABB5F3}"
EndProject
Global
	GlobalSection(SolutionConfigurationPlatforms) = preSolution
		Debug|Any CPU = Debug|Any CPU
		Release|Any CPU = Release|Any CPU
	EndGlobalSection
	GlobalSection(ProjectConfigurationPlatforms) = postSolution
		{172F5B3A-DEED-4F11-BF06-1FD81C3BBAB5}.Debug|Any CPU.ActiveCfg = Debug|Any CPU
		{172F5B3A-DEED-4F11-BF06-1FD81C3BBAB5}.Debug|Any CPU.Build.0 = Debug|Any CPU
		{172F5B3A-DEED-4F11-BF06-1FD81C3BBAB5}.Release|Any CPU.ActiveCfg = Release|Any CPU
		{172F5B3A-DEED-4F11-BF06-1FD81C3BBAB5}.Release|Any CPU.Build.0 = Release|Any CPU
		{6C334188-7911-4C36-BC27-1BE143ABB5F3}.Debug|Any CPU.ActiveCfg = Debug|Any CPU
		{6C334188-7911-4C36-BC27-1BE143ABB5F3}.Debug|Any CPU.Build.0 = Debug|Any CPU
		{6C334188-7911-4C36-BC27-1BE143ABB5F3}.Release|Any CPU.ActiveCfg = Release|Any CPU
		{6C334188-7911-4C36-BC27-1BE143ABB5F3}.Release|Any CPU.Build.0 = Release|Any CPU
	EndGlobalSection
	GlobalSection(SolutionProperties) = preSolution
		HideSolutionNode = FALSE
	EndGlobalSection
EndGlobal
