
Microsoft Visual Studio Solution File, Format Version 12.00
# Visual Studio Version 17
VisualStudioVersion = 17.9.34701.34
MinimumVisualStudioVersion = 10.0.40219.1
Project("{9A19103F-16F7-4668-BE54-9A1E7A4F7556}") = "RapidRedPanda.Wrapper.Console", "RapidRedPanda.Wrapper.Console.csproj", "{30C3DD23-92FC-4E8B-9083-689F88323A74}"
EndProject
Global
	GlobalSection(SolutionConfigurationPlatforms) = preSolution
		Debug|Any CPU = Debug|Any CPU
		Release|Any CPU = Release|Any CPU
	EndGlobalSection
	GlobalSection(ProjectConfigurationPlatforms) = postSolution
		{30C3DD23-92FC-4E8B-9083-689F88323A74}.Debug|Any CPU.ActiveCfg = Debug|Any CPU
		{30C3DD23-92FC-4E8B-9083-689F88323A74}.Debug|Any CPU.Build.0 = Debug|Any CPU
		{30C3DD23-92FC-4E8B-9083-689F88323A74}.Release|Any CPU.ActiveCfg = Release|Any CPU
		{30C3DD23-92FC-4E8B-9083-689F88323A74}.Release|Any CPU.Build.0 = Release|Any CPU
	EndGlobalSection
	GlobalSection(SolutionProperties) = preSolution
		HideSolutionNode = FALSE
	EndGlobalSection
	GlobalSection(ExtensibilityGlobals) = postSolution
		SolutionGuid = {E9CC0BC1-89AB-4202-BB1C-158F3A7A3D9A}
	EndGlobalSection
EndGlobal
